
Microsoft Visual Studio Solution File, Format Version 12.00
# Visual Studio Version 16
VisualStudioVersion = 16.0.31729.503
MinimumVisualStudioVersion = 10.0.40219.1
Project("{2150E333-8FDC-42A3-9474-1A3956D46DE8}") = "Projects", "Projects", "{7413E554-EB7D-43DB-860E-8A2F5265A9AA}"
EndProject
Project("{2150E333-8FDC-42A3-9474-1A3956D46DE8}") = "Tests", "Tests", "{788F7C1B-F37E-4028-9BE2-46A2F9949B09}"
EndProject
Project("{8BC9CEB8-8B4A-11D0-8D11-00A0C91BC942}") = "AVL", "Projects\AVL\AVL.vcxproj", "{4D48DA14-ABEF-4827-B82A-516B91157442}"
EndProject
Project("{8BC9CEB8-8B4A-11D0-8D11-00A0C91BC942}") = "BST", "Projects\BST\BST.vcxproj", "{1A630C73-0382-49B1-B980-75302B0EDC24}"
EndProject
Project("{8BC9CEB8-8B4A-11D0-8D11-00A0C91BC942}") = "AVL Tests", "Tests\AVL Tests\AVL Tests.vcxproj", "{2774DB42-E17A-428E-BDE1-C6CAAF6F9E88}"
EndProject
Project("{8BC9CEB8-8B4A-11D0-8D11-00A0C91BC942}") = "Dynamic Sequence", "Projects\Dynamic Sequence\Dynamic Sequence.vcxproj", "{FCCE9C43-A063-4193-80C9-01FD7C8B5F6F}"
EndProject
Project("{8BC9CEB8-8B4A-11D0-8D11-00A0C91BC942}") = "Graph", "Projects\Graph\Graph.vcxproj", "{25B938C1-BB72-4812-80B3-6560A71D7FD2}"
EndProject
Project("{8BC9CEB8-8B4A-11D0-8D11-00A0C91BC942}") = "Hash Table", "Projects\Hash Table\Hash Table.vcxproj", "{2D27E2A2-6003-4EF5-A3F7-36F81B459974}"
EndProject
Project("{8BC9CEB8-8B4A-11D0-8D11-00A0C91BC942}") = "Heap", "Projects\Heap\Heap.vcxproj", "{65E3F2B0-A1BA-4730-A22F-BF270214C15D}"
EndProject
Project("{8BC9CEB8-8B4A-11D0-8D11-00A0C91BC942}") = "List without Templates", "Projects\List Without Templates\List without Templates.vcxproj", "{F618BD37-B3BC-4681-92FC-3C1F25D4D7A6}"
EndProject
Project("{8BC9CEB8-8B4A-11D0-8D11-00A0C91BC942}") = "Recursive List", "Projects\Recursive List\Recursive List.vcxproj", "{5CA107AB-B354-4D61-9305-F55DE5151AB8}"
EndProject
Project("{8BC9CEB8-8B4A-11D0-8D11-00A0C91BC942}") = "Search", "Projects\Search\Search.vcxproj", "{589F8BDC-C3F7-4121-ABB6-C3CF1209A532}"
EndProject
Project("{8BC9CEB8-8B4A-11D0-8D11-00A0C91BC942}") = "Sort", "Projects\Sort\Sort.vcxproj", "{18352847-0F4B-4271-8EB8-DA93AD5122E7}"
EndProject
Project("{8BC9CEB8-8B4A-11D0-8D11-00A0C91BC942}") = "Stack", "Projects\Stack\Stack.vcxproj", "{29A2A99A-A6A2-4711-85E1-F1F1400373E8}"
EndProject
Project("{2150E333-8FDC-42A3-9474-1A3956D46DE8}") = "Solution Items", "Solution Items", "{1A93C109-3842-4304-B811-365D42855B66}"
	ProjectSection(SolutionItems) = preProject
		README.md = README.md
	EndProjectSection
EndProject
Project("{8BC9CEB8-8B4A-11D0-8D11-00A0C91BC942}") = "BST Tests", "Tests\BST Tests\BST Tests.vcxproj", "{83653043-AB73-4DAB-9C75-46E95A72180E}"
EndProject
Global
	GlobalSection(SolutionConfigurationPlatforms) = preSolution
		Debug|x64 = Debug|x64
		Debug|x86 = Debug|x86
		Release|x64 = Release|x64
		Release|x86 = Release|x86
	EndGlobalSection
	GlobalSection(ProjectConfigurationPlatforms) = postSolution
		{4D48DA14-ABEF-4827-B82A-516B91157442}.Debug|x64.ActiveCfg = Debug|Win32
		{4D48DA14-ABEF-4827-B82A-516B91157442}.Debug|x86.ActiveCfg = Debug|Win32
		{4D48DA14-ABEF-4827-B82A-516B91157442}.Debug|x86.Build.0 = Debug|Win32
		{4D48DA14-ABEF-4827-B82A-516B91157442}.Release|x64.ActiveCfg = Release|Win32
		{4D48DA14-ABEF-4827-B82A-516B91157442}.Release|x86.ActiveCfg = Release|Win32
		{4D48DA14-ABEF-4827-B82A-516B91157442}.Release|x86.Build.0 = Release|Win32
		{1A630C73-0382-49B1-B980-75302B0EDC24}.Debug|x64.ActiveCfg = Debug|Win32
		{1A630C73-0382-49B1-B980-75302B0EDC24}.Debug|x86.ActiveCfg = Debug|Win32
		{1A630C73-0382-49B1-B980-75302B0EDC24}.Debug|x86.Build.0 = Debug|Win32
		{1A630C73-0382-49B1-B980-75302B0EDC24}.Release|x64.ActiveCfg = Release|Win32
		{1A630C73-0382-49B1-B980-75302B0EDC24}.Release|x86.ActiveCfg = Release|Win32
		{1A630C73-0382-49B1-B980-75302B0EDC24}.Release|x86.Build.0 = Release|Win32
		{2774DB42-E17A-428E-BDE1-C6CAAF6F9E88}.Debug|x64.ActiveCfg = Debug|x64
		{2774DB42-E17A-428E-BDE1-C6CAAF6F9E88}.Debug|x64.Build.0 = Debug|x64
		{2774DB42-E17A-428E-BDE1-C6CAAF6F9E88}.Debug|x86.ActiveCfg = Debug|Win32
		{2774DB42-E17A-428E-BDE1-C6CAAF6F9E88}.Debug|x86.Build.0 = Debug|Win32
		{2774DB42-E17A-428E-BDE1-C6CAAF6F9E88}.Release|x64.ActiveCfg = Release|x64
		{2774DB42-E17A-428E-BDE1-C6CAAF6F9E88}.Release|x64.Build.0 = Release|x64
		{2774DB42-E17A-428E-BDE1-C6CAAF6F9E88}.Release|x86.ActiveCfg = Release|Win32
		{2774DB42-E17A-428E-BDE1-C6CAAF6F9E88}.Release|x86.Build.0 = Release|Win32
		{FCCE9C43-A063-4193-80C9-01FD7C8B5F6F}.Debug|x64.ActiveCfg = Debug|Win32
		{FCCE9C43-A063-4193-80C9-01FD7C8B5F6F}.Debug|x86.ActiveCfg = Debug|Win32
		{FCCE9C43-A063-4193-80C9-01FD7C8B5F6F}.Debug|x86.Build.0 = Debug|Win32
		{FCCE9C43-A063-4193-80C9-01FD7C8B5F6F}.Release|x64.ActiveCfg = Release|Win32
		{FCCE9C43-A063-4193-80C9-01FD7C8B5F6F}.Release|x86.ActiveCfg = Release|Win32
		{FCCE9C43-A063-4193-80C9-01FD7C8B5F6F}.Release|x86.Build.0 = Release|Win32
		{25B938C1-BB72-4812-80B3-6560A71D7FD2}.Debug|x64.ActiveCfg = Debug|Win32
		{25B938C1-BB72-4812-80B3-6560A71D7FD2}.Debug|x86.ActiveCfg = Debug|Win32
		{25B938C1-BB72-4812-80B3-6560A71D7FD2}.Debug|x86.Build.0 = Debug|Win32
		{25B938C1-BB72-4812-80B3-6560A71D7FD2}.Release|x64.ActiveCfg = Release|Win32
		{25B938C1-BB72-4812-80B3-6560A71D7FD2}.Release|x86.ActiveCfg = Release|Win32
		{25B938C1-BB72-4812-80B3-6560A71D7FD2}.Release|x86.Build.0 = Release|Win32
		{2D27E2A2-6003-4EF5-A3F7-36F81B459974}.Debug|x64.ActiveCfg = Debug|Win32
		{2D27E2A2-6003-4EF5-A3F7-36F81B459974}.Debug|x86.ActiveCfg = Debug|Win32
		{2D27E2A2-6003-4EF5-A3F7-36F81B459974}.Debug|x86.Build.0 = Debug|Win32
		{2D27E2A2-6003-4EF5-A3F7-36F81B459974}.Release|x64.ActiveCfg = Release|Win32
		{2D27E2A2-6003-4EF5-A3F7-36F81B459974}.Release|x86.ActiveCfg = Release|Win32
		{2D27E2A2-6003-4EF5-A3F7-36F81B459974}.Release|x86.Build.0 = Release|Win32
		{65E3F2B0-A1BA-4730-A22F-BF270214C15D}.Debug|x64.ActiveCfg = Debug|Win32
		{65E3F2B0-A1BA-4730-A22F-BF270214C15D}.Debug|x86.ActiveCfg = Debug|Win32
		{65E3F2B0-A1BA-4730-A22F-BF270214C15D}.Debug|x86.Build.0 = Debug|Win32
		{65E3F2B0-A1BA-4730-A22F-BF270214C15D}.Release|x64.ActiveCfg = Release|Win32
		{65E3F2B0-A1BA-4730-A22F-BF270214C15D}.Release|x86.ActiveCfg = Release|Win32
		{65E3F2B0-A1BA-4730-A22F-BF270214C15D}.Release|x86.Build.0 = Release|Win32
		{F618BD37-B3BC-4681-92FC-3C1F25D4D7A6}.Debug|x64.ActiveCfg = Debug|Win32
		{F618BD37-B3BC-4681-92FC-3C1F25D4D7A6}.Debug|x86.ActiveCfg = Debug|Win32
		{F618BD37-B3BC-4681-92FC-3C1F25D4D7A6}.Debug|x86.Build.0 = Debug|Win32
		{F618BD37-B3BC-4681-92FC-3C1F25D4D7A6}.Release|x64.ActiveCfg = Release|Win32
		{F618BD37-B3BC-4681-92FC-3C1F25D4D7A6}.Release|x86.ActiveCfg = Release|Win32
		{F618BD37-B3BC-4681-92FC-3C1F25D4D7A6}.Release|x86.Build.0 = Release|Win32
		{5CA107AB-B354-4D61-9305-F55DE5151AB8}.Debug|x64.ActiveCfg = Debug|Win32
		{5CA107AB-B354-4D61-9305-F55DE5151AB8}.Debug|x86.ActiveCfg = Debug|Win32
		{5CA107AB-B354-4D61-9305-F55DE5151AB8}.Debug|x86.Build.0 = Debug|Win32
		{5CA107AB-B354-4D61-9305-F55DE5151AB8}.Release|x64.ActiveCfg = Release|Win32
		{5CA107AB-B354-4D61-9305-F55DE5151AB8}.Release|x86.ActiveCfg = Release|Win32
		{5CA107AB-B354-4D61-9305-F55DE5151AB8}.Release|x86.Build.0 = Release|Win32
		{589F8BDC-C3F7-4121-ABB6-C3CF1209A532}.Debug|x64.ActiveCfg = Debug|Win32
		{589F8BDC-C3F7-4121-ABB6-C3CF1209A532}.Debug|x86.ActiveCfg = Debug|Win32
		{589F8BDC-C3F7-4121-ABB6-C3CF1209A532}.Debug|x86.Build.0 = Debug|Win32
		{589F8BDC-C3F7-4121-ABB6-C3CF1209A532}.Release|x64.ActiveCfg = Release|Win32
		{589F8BDC-C3F7-4121-ABB6-C3CF1209A532}.Release|x86.ActiveCfg = Release|Win32
		{589F8BDC-C3F7-4121-ABB6-C3CF1209A532}.Release|x86.Build.0 = Release|Win32
		{18352847-0F4B-4271-8EB8-DA93AD5122E7}.Debug|x64.ActiveCfg = Debug|Win32
		{18352847-0F4B-4271-8EB8-DA93AD5122E7}.Debug|x86.ActiveCfg = Debug|Win32
		{18352847-0F4B-4271-8EB8-DA93AD5122E7}.Debug|x86.Build.0 = Debug|Win32
		{18352847-0F4B-4271-8EB8-DA93AD5122E7}.Release|x64.ActiveCfg = Release|Win32
		{18352847-0F4B-4271-8EB8-DA93AD5122E7}.Release|x86.ActiveCfg = Release|Win32
		{18352847-0F4B-4271-8EB8-DA93AD5122E7}.Release|x86.Build.0 = Release|Win32
		{29A2A99A-A6A2-4711-85E1-F1F1400373E8}.Debug|x64.ActiveCfg = Debug|Win32
		{29A2A99A-A6A2-4711-85E1-F1F1400373E8}.Debug|x86.ActiveCfg = Debug|Win32
		{29A2A99A-A6A2-4711-85E1-F1F1400373E8}.Debug|x86.Build.0 = Debug|Win32
		{29A2A99A-A6A2-4711-85E1-F1F1400373E8}.Release|x64.ActiveCfg = Release|Win32
		{29A2A99A-A6A2-4711-85E1-F1F1400373E8}.Release|x86.ActiveCfg = Release|Win32
		{29A2A99A-A6A2-4711-85E1-F1F1400373E8}.Release|x86.Build.0 = Release|Win32
		{83653043-AB73-4DAB-9C75-46E95A72180E}.Debug|x64.ActiveCfg = Debug|x64
		{83653043-AB73-4DAB-9C75-46E95A72180E}.Debug|x64.Build.0 = Debug|x64
		{83653043-AB73-4DAB-9C75-46E95A72180E}.Debug|x86.ActiveCfg = Debug|Win32
		{83653043-AB73-4DAB-9C75-46E95A72180E}.Debug|x86.Build.0 = Debug|Win32
		{83653043-AB73-4DAB-9C75-46E95A72180E}.Release|x64.ActiveCfg = Release|x64
		{83653043-AB73-4DAB-9C75-46E95A72180E}.Release|x64.Build.0 = Release|x64
		{83653043-AB73-4DAB-9C75-46E95A72180E}.Release|x86.ActiveCfg = Release|Win32
		{83653043-AB73-4DAB-9C75-46E95A72180E}.Release|x86.Build.0 = Release|Win32
	EndGlobalSection
	GlobalSection(SolutionProperties) = preSolution
		HideSolutionNode = FALSE
	EndGlobalSection
	GlobalSection(NestedProjects) = preSolution
		{4D48DA14-ABEF-4827-B82A-516B91157442} = {7413E554-EB7D-43DB-860E-8A2F5265A9AA}
		{1A630C73-0382-49B1-B980-75302B0EDC24} = {7413E554-EB7D-43DB-860E-8A2F5265A9AA}
		{2774DB42-E17A-428E-BDE1-C6CAAF6F9E88} = {788F7C1B-F37E-4028-9BE2-46A2F9949B09}
		{FCCE9C43-A063-4193-80C9-01FD7C8B5F6F} = {7413E554-EB7D-43DB-860E-8A2F5265A9AA}
		{25B938C1-BB72-4812-80B3-6560A71D7FD2} = {7413E554-EB7D-43DB-860E-8A2F5265A9AA}
		{2D27E2A2-6003-4EF5-A3F7-36F81B459974} = {7413E554-EB7D-43DB-860E-8A2F5265A9AA}
		{65E3F2B0-A1BA-4730-A22F-BF270214C15D} = {7413E554-EB7D-43DB-860E-8A2F5265A9AA}
		{F618BD37-B3BC-4681-92FC-3C1F25D4D7A6} = {7413E554-EB7D-43DB-860E-8A2F5265A9AA}
		{5CA107AB-B354-4D61-9305-F55DE5151AB8} = {7413E554-EB7D-43DB-860E-8A2F5265A9AA}
		{589F8BDC-C3F7-4121-ABB6-C3CF1209A532} = {7413E554-EB7D-43DB-860E-8A2F5265A9AA}
		{18352847-0F4B-4271-8EB8-DA93AD5122E7} = {7413E554-EB7D-43DB-860E-8A2F5265A9AA}
		{29A2A99A-A6A2-4711-85E1-F1F1400373E8} = {7413E554-EB7D-43DB-860E-8A2F5265A9AA}
		{83653043-AB73-4DAB-9C75-46E95A72180E} = {788F7C1B-F37E-4028-9BE2-46A2F9949B09}
	EndGlobalSection
	GlobalSection(ExtensibilityGlobals) = postSolution
		SolutionGuid = {4ED0B860-6418-44A3-B776-D16E254D1C3A}
	EndGlobalSection
EndGlobal
